
Microsoft Visual Studio Solution File, Format Version 12.00
# Visual Studio Version 17
VisualStudioVersion = 17.4.33205.214
MinimumVisualStudioVersion = 10.0.40219.1
Project("{FAE04EC0-301F-11D3-BF4B-00C04F79EFBC}") = "ParsingData-Urals", "ParsingData-Urals\ParsingData-Urals.csproj", "{6BD29A42-0C60-4907-94D2-0F7F877BDCAF}"
EndProject
Global
	GlobalSection(SolutionConfigurationPlatforms) = preSolution
		Debug|Any CPU = Debug|Any CPU
		Release|Any CPU = Release|Any CPU
	EndGlobalSection
	GlobalSection(ProjectConfigurationPlatforms) = postSolution
		{6BD29A42-0C60-4907-94D2-0F7F877BDCAF}.Debug|Any CPU.ActiveCfg = Debug|Any CPU
		{6BD29A42-0C60-4907-94D2-0F7F877BDCAF}.Debug|Any CPU.Build.0 = Debug|Any CPU
		{6BD29A42-0C60-4907-94D2-0F7F877BDCAF}.Release|Any CPU.ActiveCfg = Release|Any CPU
		{6BD29A42-0C60-4907-94D2-0F7F877BDCAF}.Release|Any CPU.Build.0 = Release|Any CPU
	EndGlobalSection
	GlobalSection(SolutionProperties) = preSolution
		HideSolutionNode = FALSE
	EndGlobalSection
	GlobalSection(ExtensibilityGlobals) = postSolution
		SolutionGuid = {D306505A-238A-45F5-AA73-9B07DE27CF24}
	EndGlobalSection
EndGlobal
